hash: 8e63d901d945b299aa79a7e8efb7b49627c6d01f7c31c145c31105bd6d7edddc
updated: 2016-10-20T21:23:43.38439263-07:00
imports:
- name: github.com/rcrowley/go-metrics
  version: ab2277b1c5d15c3cba104e9cbddbdfc622df5ad8
- name: github.com/square/go-sq-metrics
  version: 348c9e6631e68433058bbb1b4e275985f5e770f6
- name: github.com/stretchr/testify
  version: 976c720a22c8eb4eb6a0b4348ad85ad12491a506
  subpackages:
  - assert
- name: gopkg.in/alecthomas/kingpin.v2
  version: e9044be3ab2a8e11d4e1f418d12f0790d57e8d70
devImports: []
