github.com/Sirupsen/logrus v0.0.0-20170207183408-3f603f494d61 h1:a0AN0W4MAJlnKvaNLjPZpmlPiwBGeCS9ZtY+BdM2iaU=
github.com/Sirupsen/logrus v0.0.0-20170207183408-3f603f494d61/go.mod h1:rmk17hk6i8ZSAJkSDa7nOxamrG+SP4P0mm+DAvExv4U=
github.com/alecthomas/template v0.0.0-20160405071501-a0175ee3bccc h1:cAKDfWh5VpdgMhJosfJnn5/FoN2SRZ4p7fJNX58YPaU=
github.com/alecthomas/template v0.0.0-20160405071501-a0175ee3bccc/go.mod h1:LOuyumcjzFXgccqObfd/Ljyb9UuFJ6TxHnclSeseNhc=
github.com/alecthomas/units v0.0.0-20151022065526-2efee857e7cf h1:qet1QNfXsQxTZqLG4oE62mJzwPIB8+Tee4RNCL9ulrY=
github.com/alecthomas/units v0.0.0-20151022065526-2efee857e7cf/go.mod h1:ybxpYRFXyAe+OPACYpWeL0wqObRcbAqCMya13uyzqw0=
github.com/aristanetworks/goarista v0.0.0-20170505173124-44b539e174b9 h1:OnfsekIj+WEPMhmFCNSnypO/dFvsNDvcUjELzOeOWBo=
github.com/aristanetworks/goarista v0.0.0-20170505173124-44b539e174b9/go.mod h1:D/tb0zPVXnP7fmsLZjtdUhSsumbK/ij54UXjjVgMGxQ=
github.com/certifi/gocertifi v0.0.0-20170123212243-03be5e6bb987 h1:GMSZ85uysw01MMLfnHGjTj/QfUdJcGHuDabY6kWKnVk=
github.com/certifi/gocertifi v0.0.0-20170123212243-03be5e6bb987/go.mod h1:GJKEexRPVJrBSOjoqN5VNOIKJ5Q3RViH6eu3puDRwx4=
github.com/davecgh/go-spew v1.1.1 h1:vj9j/u1bqnvCEfJOwUhtlOARqs3+rkHYY13jYWTU97c=
github.com/davecgh/go-spew v1.1.1/go.mod h1:J7Y8YcW2NihsgmVo/mv3lAwl/skON4iLHjSsI+c5H38=
github.com/evalphobia/logrus_sentry v0.0.0-20170109072704-162fd93cca6f h1:gSb5xHURNqGYhTOS1b0ypvLH7tteto9IiS78jMOMnZ8=
github.com/evalphobia/logrus_sentry v0.0.0-20170109072704-162fd93cca6f/go.mod h1:pKcp+vriitUqu9KiWj/VRFbRfFNUwz95/UkgG8a6MNc=
github.com/getsentry/raven-go v0.0.0-20161115135411-3f7439d3e74d h1:l+MZegqjcffeVt3U7OldySISIA+wDlizPTz9Ki2u3k4=
github.com/getsentry/raven-go v0.0.0-20161115135411-3f7439d3e74d/go.mod h1:KungGk8q33+aIAZUIVWZDr2OfAEBsO49PX4NzFV5kcQ=
github.com/gorilla/context v1.1.1 h1:AWwleXJkX/nhcU9bZSnZoi3h/qGYqQAGhq6zZe/aQW8=
github.com/gorilla/context v1.1.1/go.mod h1:kBGZzfjB9CEq2AlWe17Uuf7NDRt0dE0s8S51q0aT7Yg=
github.com/gorilla/mux v1.3.0 h1:HwSEKGN6U5T2aAQTfu5pW8fiwjSp3IgwdRbkICydk/c=
github.com/gorilla/mux v1.3.0/go.mod h1:1lud6UwP+6orDFRuTfBEV8e9/aOM/c4fVVCaMa2zaAs=
github.com/pkg/errors v0.0.0-20161029093637-248dadf4e906 h1:aXc/AM323HlkOXjl3QuSO06wbXK45HrzBT+pwVOufXg=
github.com/pkg/errors v0.0.0-20161029093637-248dadf4e906/go.mod h1:bwawxfHBFNV+L2hUp1rHADufV3IMtnDRdf1r5NINEl0=
github.com/pmezard/go-difflib v1.0.0 h1:4DBwDE0NGyQoBHbLQYPwSUPoCMWR5BEzIk/f1lZbAQM=
github.com/pmezard/go-difflib v1.0.0/go.mod h1:iKH77koFhYxTK1pcRnkKkqfTogsbg7gZNVY4sRDYZ/4=
github.com/rcrowley/go-metrics v0.0.0-20161128210544-1f30fe9094a5 h1:gwcdIpH6NU2iF8CmcqD+CP6+1CkRBOhHaPR+iu6raBY=
github.com/rcrowley/go-metrics v0.0.0-20161128210544-1f30fe9094a5/go.mod h1:bCqnVzQkZxMG4s8nGwiZ5l3QUCyqpo9Y+/ZMZ9VjZe4=
github.com/square/go-sq-metrics v0.0.0-20170531223841-ae72f332d0d9 h1:EjCIkN8CnRBciDeOM2c+5uBd+ek5r90N6r6zWwLUXgo=
github.com/square/go-sq-metrics v0.0.0-20170531223841-ae72f332d0d9/go.mod h1:p5i0HIrAHvl2L9UETq6oc9Raa60/lQILgBMyfRis9z0=
github.com/square/keywhiz-fs v0.0.0-20160929021529-d272694a729c/go.mod h1:1YD72Q8eqlJd6f1cWzfDdGPIctSvyj5+kLXq642+mxw=
github.com/stathat/go v1.0.0/go.mod h1:+9Eg2szqkcOGWv6gfheJmBBsmq9Qf5KDbzy8/aYYR0c=
github.com/stretchr/testify v0.0.0-20170809224252-890a5c3458b4 h1:InXsxTNd7R4kIHKuA052litAUzokFLqjgbmhpUQTAs8=
github.com/stretchr/testify v0.0.0-20170809224252-890a5c3458b4/go.mod h1:a8OnRcib4nhh0OaRAV+Yts87kKdq0PP7pXfy6kDkUVs=
golang.org/x/sys v0.0.0-20170213225739-e24f485414ae h1:GTtEQDSA+M757ZEFcmC1Z5tEQXeyj0/vKmKeGqKRbP4=
golang.org/x/sys v0.0.0-20170213225739-e24f485414ae/go.mod h1:STP8DvDyc/dI5b8T5hshtkjS+E42TnysNCUPdjciGhY=
gopkg.in/airbrake/gobrake.v2 v2.0.9/go.mod h1:/h5ZAUhDkGaJfjzjKLSjv6zCL6O0LLBxU4K+aSYdM/U=
gopkg.in/alecthomas/kingpin.v2 v2.2.3 h1:/L3oK40poPRwke0Ipa6qqf8n+awu60Vl3DMe+3jLDt4=
gopkg.in/alecthomas/kingpin.v2 v2.2.3/go.mod h1:FMv+mEhP44yOT+4EoQTLFTRgOQ1FBLkstjWtayDeSgw=
gopkg.in/gemnasium/logrus-airbrake-hook.v2 v2.1.1/go.mod h1:Xk6kEKp8OKb+X14hQBKWaSkCsqBpgog8nAV2xsGOxlo=
gopkg.in/yaml.v2 v2.0.0-20170208141851-a3f3340b5840 h1:BftvRMCaj0KX6UeD7gnNJv0W8b4HAYTEWes978CoWlY=
gopkg.in/yaml.v2 v2.0.0-20170208141851-a3f3340b5840/go.mod h1:JAlM8MvJe8wmxCU4Bli9HhUf9+ttbYbLASfIpnQbh74=
